
Microsoft Visual Studio Solution File, Format Version 12.00
# Visual Studio Version 16
VisualStudioVersion = 16.0.30413.136
MinimumVisualStudioVersion = 10.0.40219.1
Project("{9A19103F-16F7-4668-BE54-9A1E7A4F7556}") = "ConsoleApp", "ConsoleApp\ConsoleApp.csproj", "{BEC2D6D1-934D-431A-9850-7E8F051A20EF}"
EndProject
Project("{9A19103F-16F7-4668-BE54-9A1E7A4F7556}") = "SharedLibraries", "SharedLibraries\SharedLibraries.csproj", "{720E1CFB-A177-49D2-9AE5-483CE2C05B8D}"
EndProject
Project("{9A19103F-16F7-4668-BE54-9A1E7A4F7556}") = "AzureFunctions", "AzureFunctions\AzureFunctions.csproj", "{8CE98B31-6BB6-42D8-956A-55AEDFE41D75}"
EndProject
Global
	GlobalSection(SolutionConfigurationPlatforms) = preSolution
		Debug|Any CPU = Debug|Any CPU
		Release|Any CPU = Release|Any CPU
	EndGlobalSection
	GlobalSection(ProjectConfigurationPlatforms) = postSolution
		{BEC2D6D1-934D-431A-9850-7E8F051A20EF}.Debug|Any CPU.ActiveCfg = Debug|Any CPU
		{BEC2D6D1-934D-431A-9850-7E8F051A20EF}.Debug|Any CPU.Build.0 = Debug|Any CPU
		{BEC2D6D1-934D-431A-9850-7E8F051A20EF}.Release|Any CPU.ActiveCfg = Release|Any CPU
		{BEC2D6D1-934D-431A-9850-7E8F051A20EF}.Release|Any CPU.Build.0 = Release|Any CPU
		{720E1CFB-A177-49D2-9AE5-483CE2C05B8D}.Debug|Any CPU.ActiveCfg = Debug|Any CPU
		{720E1CFB-A177-49D2-9AE5-483CE2C05B8D}.Debug|Any CPU.Build.0 = Debug|Any CPU
		{720E1CFB-A177-49D2-9AE5-483CE2C05B8D}.Release|Any CPU.ActiveCfg = Release|Any CPU
		{720E1CFB-A177-49D2-9AE5-483CE2C05B8D}.Release|Any CPU.Build.0 = Release|Any CPU
		{8CE98B31-6BB6-42D8-956A-55AEDFE41D75}.Debug|Any CPU.ActiveCfg = Debug|Any CPU
		{8CE98B31-6BB6-42D8-956A-55AEDFE41D75}.Debug|Any CPU.Build.0 = Debug|Any CPU
		{8CE98B31-6BB6-42D8-956A-55AEDFE41D75}.Release|Any CPU.ActiveCfg = Release|Any CPU
		{8CE98B31-6BB6-42D8-956A-55AEDFE41D75}.Release|Any CPU.Build.0 = Release|Any CPU
	EndGlobalSection
	GlobalSection(SolutionProperties) = preSolution
		HideSolutionNode = FALSE
	EndGlobalSection
	GlobalSection(ExtensibilityGlobals) = postSolution
		SolutionGuid = {D0A6EF25-80CE-4B4B-834B-1BB8B7AE0CFC}
	EndGlobalSection
EndGlobal
